
Microsoft Visual Studio Solution File, Format Version 12.00
# Visual Studio Version 17
VisualStudioVersion = 17.7.34221.43
MinimumVisualStudioVersion = 10.0.40219.1
Project("{FAE04EC0-301F-11D3-BF4B-00C04F79EFBC}") = "MusicApp", "MusicApp.csproj", "{6A1CE8AB-A9EC-4DDF-8405-58DE1FB1FE96}"
EndProject
Global
	GlobalSection(SolutionConfigurationPlatforms) = preSolution
		Debug|Any CPU = Debug|Any CPU
		Release|Any CPU = Release|Any CPU
	EndGlobalSection
	GlobalSection(ProjectConfigurationPlatforms) = postSolution
		{6A1CE8AB-A9EC-4DDF-8405-58DE1FB1FE96}.Debug|Any CPU.ActiveCfg = Debug|Any CPU
		{6A1CE8AB-A9EC-4DDF-8405-58DE1FB1FE96}.Debug|Any CPU.Build.0 = Debug|Any CPU
		{6A1CE8AB-A9EC-4DDF-8405-58DE1FB1FE96}.Release|Any CPU.ActiveCfg = Release|Any CPU
		{6A1CE8AB-A9EC-4DDF-8405-58DE1FB1FE96}.Release|Any CPU.Build.0 = Release|Any CPU
	EndGlobalSection
	GlobalSection(SolutionProperties) = preSolution
		HideSolutionNode = FALSE
	EndGlobalSection
	GlobalSection(ExtensibilityGlobals) = postSolution
		SolutionGuid = {B418148E-00D7-41AB-95F5-5D5B3C6756FF}
	EndGlobalSection
EndGlobal
